
Microsoft Visual Studio Solution File, Format Version 12.00
# Visual Studio Version 16
VisualStudioVersion = 16.0.32901.82
MinimumVisualStudioVersion = 10.0.40219.1
Project("{FAE04EC0-301F-11D3-BF4B-00C04F79EFBC}") = "FirstHomework", "FirstHomework\FirstHomework.csproj", "{3D4C567F-7B7E-4270-BB91-FAECE44544EE}"
EndProject
Project("{FAE04EC0-301F-11D3-BF4B-00C04F79EFBC}") = "SecondHomework", "SecondHomework\SecondHomework.csproj", "{86DE0600-B722-4A8D-BCAF-34FE9238E5E9}"
EndProject
Project("{FAE04EC0-301F-11D3-BF4B-00C04F79EFBC}") = "ThirdHomework", "ThirdHomework\ThirdHomework.csproj", "{070C5B19-CAE3-4419-A802-517E013BFD3F}"
EndProject
Project("{FAE04EC0-301F-11D3-BF4B-00C04F79EFBC}") = "FourthHomework", "FourthHomework\FourthHomework.csproj", "{F9D8AF4B-BD9C-4F97-97EC-B306E05CC089}"
EndProject
Project("{FAE04EC0-301F-11D3-BF4B-00C04F79EFBC}") = "FifthHomework", "FifthHomework\FifthHomework.csproj", "{9C8F5788-6EB3-403F-B938-1EFB7B0AB03A}"
EndProject
Project("{FAE04EC0-301F-11D3-BF4B-00C04F79EFBC}") = "SixthHomework", "SixthHomework\SixthHomework.csproj", "{DBD41F90-DEB2-43B5-B072-072A45B52168}"
EndProject
Project("{FAE04EC0-301F-11D3-BF4B-00C04F79EFBC}") = "SeventhHomework", "SeventhHomework\SeventhHomework.csproj", "{FE555264-67CA-4D50-8EFF-00963D9B79F9}"
EndProject
Global
	GlobalSection(SolutionConfigurationPlatforms) = preSolution
		Debug|Any CPU = Debug|Any CPU
		Release|Any CPU = Release|Any CPU
	EndGlobalSection
	GlobalSection(ProjectConfigurationPlatforms) = postSolution
		{3D4C567F-7B7E-4270-BB91-FAECE44544EE}.Debug|Any CPU.ActiveCfg = Debug|Any CPU
		{3D4C567F-7B7E-4270-BB91-FAECE44544EE}.Debug|Any CPU.Build.0 = Debug|Any CPU
		{3D4C567F-7B7E-4270-BB91-FAECE44544EE}.Release|Any CPU.ActiveCfg = Release|Any CPU
		{3D4C567F-7B7E-4270-BB91-FAECE44544EE}.Release|Any CPU.Build.0 = Release|Any CPU
		{86DE0600-B722-4A8D-BCAF-34FE9238E5E9}.Debug|Any CPU.ActiveCfg = Debug|Any CPU
		{86DE0600-B722-4A8D-BCAF-34FE9238E5E9}.Debug|Any CPU.Build.0 = Debug|Any CPU
		{86DE0600-B722-4A8D-BCAF-34FE9238E5E9}.Release|Any CPU.ActiveCfg = Release|Any CPU
		{86DE0600-B722-4A8D-BCAF-34FE9238E5E9}.Release|Any CPU.Build.0 = Release|Any CPU
		{070C5B19-CAE3-4419-A802-517E013BFD3F}.Debug|Any CPU.ActiveCfg = Debug|Any CPU
		{070C5B19-CAE3-4419-A802-517E013BFD3F}.Debug|Any CPU.Build.0 = Debug|Any CPU
		{070C5B19-CAE3-4419-A802-517E013BFD3F}.Release|Any CPU.ActiveCfg = Release|Any CPU
		{070C5B19-CAE3-4419-A802-517E013BFD3F}.Release|Any CPU.Build.0 = Release|Any CPU
		{F9D8AF4B-BD9C-4F97-97EC-B306E05CC089}.Debug|Any CPU.ActiveCfg = Debug|Any CPU
		{F9D8AF4B-BD9C-4F97-97EC-B306E05CC089}.Debug|Any CPU.Build.0 = Debug|Any CPU
		{F9D8AF4B-BD9C-4F97-97EC-B306E05CC089}.Release|Any CPU.ActiveCfg = Release|Any CPU
		{F9D8AF4B-BD9C-4F97-97EC-B306E05CC089}.Release|Any CPU.Build.0 = Release|Any CPU
		{9C8F5788-6EB3-403F-B938-1EFB7B0AB03A}.Debug|Any CPU.ActiveCfg = Debug|Any CPU
		{9C8F5788-6EB3-403F-B938-1EFB7B0AB03A}.Debug|Any CPU.Build.0 = Debug|Any CPU
		{9C8F5788-6EB3-403F-B938-1EFB7B0AB03A}.Release|Any CPU.ActiveCfg = Release|Any CPU
		{9C8F5788-6EB3-403F-B938-1EFB7B0AB03A}.Release|Any CPU.Build.0 = Release|Any CPU
		{DBD41F90-DEB2-43B5-B072-072A45B52168}.Debug|Any CPU.ActiveCfg = Debug|Any CPU
		{DBD41F90-DEB2-43B5-B072-072A45B52168}.Debug|Any CPU.Build.0 = Debug|Any CPU
		{DBD41F90-DEB2-43B5-B072-072A45B52168}.Release|Any CPU.ActiveCfg = Release|Any CPU
		{DBD41F90-DEB2-43B5-B072-072A45B52168}.Release|Any CPU.Build.0 = Release|Any CPU
		{FE555264-67CA-4D50-8EFF-00963D9B79F9}.Debug|Any CPU.ActiveCfg = Debug|Any CPU
		{FE555264-67CA-4D50-8EFF-00963D9B79F9}.Debug|Any CPU.Build.0 = Debug|Any CPU
		{FE555264-67CA-4D50-8EFF-00963D9B79F9}.Release|Any CPU.ActiveCfg = Release|Any CPU
		{FE555264-67CA-4D50-8EFF-00963D9B79F9}.Release|Any CPU.Build.0 = Release|Any CPU
	EndGlobalSection
	GlobalSection(SolutionProperties) = preSolution
		HideSolutionNode = FALSE
	EndGlobalSection
	GlobalSection(ExtensibilityGlobals) = postSolution
		SolutionGuid = {B6B42DBB-2204-4B7A-A747-05261A6C7314}
	EndGlobalSection
EndGlobal
