
Microsoft Visual Studio Solution File, Format Version 12.00
# Visual Studio Version 16
VisualStudioVersion = 16.0.32901.82
MinimumVisualStudioVersion = 10.0.40219.1
Project("{FAE04EC0-301F-11D3-BF4B-00C04F79EFBC}") = "FirstHomework", "FirstHomework\FirstHomework.csproj", "{3D4C567F-7B7E-4270-BB91-FAECE44544EE}"
EndProject
Project("{FAE04EC0-301F-11D3-BF4B-00C04F79EFBC}") = "SecondHomework", "SecondHomework\SecondHomework.csproj", "{86DE0600-B722-4A8D-BCAF-34FE9238E5E9}"
EndProject
Project("{FAE04EC0-301F-11D3-BF4B-00C04F79EFBC}") = "ThirdHomework", "ThirdHomework\ThirdHomework.csproj", "{070C5B19-CAE3-4419-A802-517E013BFD3F}"
EndProject
Global
	GlobalSection(SolutionConfigurationPlatforms) = preSolution
		Debug|Any CPU = Debug|Any CPU
		Release|Any CPU = Release|Any CPU
	EndGlobalSection
	GlobalSection(ProjectConfigurationPlatforms) = postSolution
		{3D4C567F-7B7E-4270-BB91-FAECE44544EE}.Debug|Any CPU.ActiveCfg = Debug|Any CPU
		{3D4C567F-7B7E-4270-BB91-FAECE44544EE}.Debug|Any CPU.Build.0 = Debug|Any CPU
		{3D4C567F-7B7E-4270-BB91-FAECE44544EE}.Release|Any CPU.ActiveCfg = Release|Any CPU
		{3D4C567F-7B7E-4270-BB91-FAECE44544EE}.Release|Any CPU.Build.0 = Release|Any CPU
		{86DE0600-B722-4A8D-BCAF-34FE9238E5E9}.Debug|Any CPU.ActiveCfg = Debug|Any CPU
		{86DE0600-B722-4A8D-BCAF-34FE9238E5E9}.Debug|Any CPU.Build.0 = Debug|Any CPU
		{86DE0600-B722-4A8D-BCAF-34FE9238E5E9}.Release|Any CPU.ActiveCfg = Release|Any CPU
		{86DE0600-B722-4A8D-BCAF-34FE9238E5E9}.Release|Any CPU.Build.0 = Release|Any CPU
		{070C5B19-CAE3-4419-A802-517E013BFD3F}.Debug|Any CPU.ActiveCfg = Debug|Any CPU
		{070C5B19-CAE3-4419-A802-517E013BFD3F}.Debug|Any CPU.Build.0 = Debug|Any CPU
		{070C5B19-CAE3-4419-A802-517E013BFD3F}.Release|Any CPU.ActiveCfg = Release|Any CPU
		{070C5B19-CAE3-4419-A802-517E013BFD3F}.Release|Any CPU.Build.0 = Release|Any CPU
	EndGlobalSection
	GlobalSection(SolutionProperties) = preSolution
		HideSolutionNode = FALSE
	EndGlobalSection
	GlobalSection(ExtensibilityGlobals) = postSolution
		SolutionGuid = {B6B42DBB-2204-4B7A-A747-05261A6C7314}
	EndGlobalSection
EndGlobal
